Microsoft Visual Studio Solution File, Format Version 12.00
# Visual Studio 15
VisualStudioVersion = 15.0.28307.645
MinimumVisualStudioVersion = 10.0.40219.1
Project("{FAE04EC0-301F-11D3-BF4B-00C04F79EFBC}") = "IndoorPositioning.Android", "IndoorPositioning.Android\IndoorPositioning.Android.csproj", "{28B1D3DD-5E40-4B6B-850C-9F392185BB22}"
EndProject
Project("{FAE04EC0-301F-11D3-BF4B-00C04F79EFBC}") = "IndoorPositioning.iOS", "IndoorPositioning.iOS\IndoorPositioning.iOS.csproj", "{88EC4092-AC99-4BD5-9721-73DAC4D0EFEC}"
EndProject
Project("{9A19103F-16F7-4668-BE54-9A1E7A4F7556}") = "IndoorPositioning", "IndoorPositioning\IndoorPositioning.csproj", "{21F0A23A-3F11-491C-9FFD-CBB8F0D89FD1}"
EndProject
Project("{FAE04EC0-301F-11D3-BF4B-00C04F79EFBC}") = "IndoorPositioning.Windows", "IndoorPositioning.Windows\IndoorPositioning.Windows.csproj", "{204BF124-5F01-4D61-BAD7-601FFCD57C48}"
EndProject
Global
	GlobalSection(SolutionConfigurationPlatforms) = preSolution
		Ad-Hoc|Any CPU = Ad-Hoc|Any CPU
		Ad-Hoc|iPhone = Ad-Hoc|iPhone
		Ad-Hoc|iPhoneSimulator = Ad-Hoc|iPhoneSimulator
		AppStore|Any CPU = AppStore|Any CPU
		AppStore|iPhone = AppStore|iPhone
		AppStore|iPhoneSimulator = AppStore|iPhoneSimulator
		Debug|Any CPU = Debug|Any CPU
		Debug|iPhone = Debug|iPhone
		Debug|iPhoneSimulator = Debug|iPhoneSimulator
		Release|Any CPU = Release|Any CPU
		Release|iPhone = Release|iPhone
		Release|iPhoneSimulator = Release|iPhoneSimulator
	EndGlobalSection
	GlobalSection(ProjectConfigurationPlatforms) = postSolution
		{28B1D3DD-5E40-4B6B-850C-9F392185BB22}.Ad-Hoc|Any CPU.ActiveCfg = Release|Any CPU
		{28B1D3DD-5E40-4B6B-850C-9F392185BB22}.Ad-Hoc|Any CPU.Build.0 = Release|Any CPU
		{28B1D3DD-5E40-4B6B-850C-9F392185BB22}.Ad-Hoc|Any CPU.Deploy.0 = Release|Any CPU
		{28B1D3DD-5E40-4B6B-850C-9F392185BB22}.Ad-Hoc|iPhone.ActiveCfg = Debug|Any CPU
		{28B1D3DD-5E40-4B6B-850C-9F392185BB22}.Ad-Hoc|iPhone.Build.0 = Debug|Any CPU
		{28B1D3DD-5E40-4B6B-850C-9F392185BB22}.Ad-Hoc|iPhoneSimulator.ActiveCfg = Release|Any CPU
		{28B1D3DD-5E40-4B6B-850C-9F392185BB22}.Ad-Hoc|iPhoneSimulator.Build.0 = Release|Any CPU
		{28B1D3DD-5E40-4B6B-850C-9F392185BB22}.Ad-Hoc|iPhoneSimulator.Deploy.0 = Release|Any CPU
		{28B1D3DD-5E40-4B6B-850C-9F392185BB22}.AppStore|Any CPU.ActiveCfg = Release|Any CPU
		{28B1D3DD-5E40-4B6B-850C-9F392185BB22}.AppStore|Any CPU.Build.0 = Release|Any CPU
		{28B1D3DD-5E40-4B6B-850C-9F392185BB22}.AppStore|Any CPU.Deploy.0 = Release|Any CPU
		{28B1D3DD-5E40-4B6B-850C-9F392185BB22}.AppStore|iPhone.ActiveCfg = Debug|Any CPU
		{28B1D3DD-5E40-4B6B-850C-9F392185BB22}.AppStore|iPhone.Build.0 = Debug|Any CPU
		{28B1D3DD-5E40-4B6B-850C-9F392185BB22}.AppStore|iPhoneSimulator.ActiveCfg = Release|Any CPU
		{28B1D3DD-5E40-4B6B-850C-9F392185BB22}.AppStore|iPhoneSimulator.Build.0 = Release|Any CPU
		{28B1D3DD-5E40-4B6B-850C-9F392185BB22}.AppStore|iPhoneSimulator.Deploy.0 = Release|Any CPU
		{28B1D3DD-5E40-4B6B-850C-9F392185BB22}.Debug|Any CPU.ActiveCfg = Debug|Any CPU
		{28B1D3DD-5E40-4B6B-850C-9F392185BB22}.Debug|Any CPU.Build.0 = Debug|Any CPU
		{28B1D3DD-5E40-4B6B-850C-9F392185BB22}.Debug|iPhone.ActiveCfg = Debug|Any CPU
		{28B1D3DD-5E40-4B6B-850C-9F392185BB22}.Debug|iPhone.Build.0 = Debug|Any CPU
		{28B1D3DD-5E40-4B6B-850C-9F392185BB22}.Debug|iPhoneSimulator.ActiveCfg = Debug|Any CPU
		{28B1D3DD-5E40-4B6B-850C-9F392185BB22}.Debug|iPhoneSimulator.Build.0 = Debug|Any CPU
		{28B1D3DD-5E40-4B6B-850C-9F392185BB22}.Release|Any CPU.ActiveCfg = Release|Any CPU
		{28B1D3DD-5E40-4B6B-850C-9F392185BB22}.Release|Any CPU.Build.0 = Release|Any CPU
		{28B1D3DD-5E40-4B6B-850C-9F392185BB22}.Release|iPhone.ActiveCfg = Release|Any CPU
		{28B1D3DD-5E40-4B6B-850C-9F392185BB22}.Release|iPhone.Build.0 = Release|Any CPU
		{28B1D3DD-5E40-4B6B-850C-9F392185BB22}.Release|iPhoneSimulator.ActiveCfg = Release|Any CPU
		{28B1D3DD-5E40-4B6B-850C-9F392185BB22}.Release|iPhoneSimulator.Build.0 = Release|Any CPU
		{88EC4092-AC99-4BD5-9721-73DAC4D0EFEC}.Ad-Hoc|Any CPU.ActiveCfg = Ad-Hoc|iPhoneSimulator
		{88EC4092-AC99-4BD5-9721-73DAC4D0EFEC}.Ad-Hoc|iPhone.ActiveCfg = Ad-Hoc|iPhone
		{88EC4092-AC99-4BD5-9721-73DAC4D0EFEC}.Ad-Hoc|iPhone.Build.0 = Ad-Hoc|iPhone
		{88EC4092-AC99-4BD5-9721-73DAC4D0EFEC}.Ad-Hoc|iPhoneSimulator.ActiveCfg = Ad-Hoc|iPhoneSimulator
		{88EC4092-AC99-4BD5-9721-73DAC4D0EFEC}.Ad-Hoc|iPhoneSimulator.Build.0 = Ad-Hoc|iPhoneSimulator
		{88EC4092-AC99-4BD5-9721-73DAC4D0EFEC}.AppStore|Any CPU.ActiveCfg = AppStore|iPhoneSimulator
		{88EC4092-AC99-4BD5-9721-73DAC4D0EFEC}.AppStore|iPhone.ActiveCfg = AppStore|iPhone
		{88EC4092-AC99-4BD5-9721-73DAC4D0EFEC}.AppStore|iPhone.Build.0 = AppStore|iPhone
		{88EC4092-AC99-4BD5-9721-73DAC4D0EFEC}.AppStore|iPhoneSimulator.ActiveCfg = AppStore|iPhoneSimulator
		{88EC4092-AC99-4BD5-9721-73DAC4D0EFEC}.AppStore|iPhoneSimulator.Build.0 = AppStore|iPhoneSimulator
		{88EC4092-AC99-4BD5-9721-73DAC4D0EFEC}.Debug|Any CPU.ActiveCfg = Debug|iPhoneSimulator
		{88EC4092-AC99-4BD5-9721-73DAC4D0EFEC}.Debug|Any CPU.Build.0 = Debug|iPhoneSimulator
		{88EC4092-AC99-4BD5-9721-73DAC4D0EFEC}.Debug|iPhone.ActiveCfg = Debug|iPhone
		{88EC4092-AC99-4BD5-9721-73DAC4D0EFEC}.Debug|iPhone.Build.0 = Debug|iPhone
		{88EC4092-AC99-4BD5-9721-73DAC4D0EFEC}.Debug|iPhoneSimulator.ActiveCfg = Debug|iPhoneSimulator
		{88EC4092-AC99-4BD5-9721-73DAC4D0EFEC}.Debug|iPhoneSimulator.Build.0 = Debug|iPhoneSimulator
		{88EC4092-AC99-4BD5-9721-73DAC4D0EFEC}.Release|Any CPU.ActiveCfg = Release|iPhoneSimulator
		{88EC4092-AC99-4BD5-9721-73DAC4D0EFEC}.Release|Any CPU.Build.0 = Release|iPhoneSimulator
		{88EC4092-AC99-4BD5-9721-73DAC4D0EFEC}.Release|iPhone.ActiveCfg = Release|iPhone
		{88EC4092-AC99-4BD5-9721-73DAC4D0EFEC}.Release|iPhone.Build.0 = Release|iPhone
		{88EC4092-AC99-4BD5-9721-73DAC4D0EFEC}.Release|iPhoneSimulator.ActiveCfg = Release|iPhoneSimulator
		{88EC4092-AC99-4BD5-9721-73DAC4D0EFEC}.Release|iPhoneSimulator.Build.0 = Release|iPhoneSimulator
		{21F0A23A-3F11-491C-9FFD-CBB8F0D89FD1}.Ad-Hoc|Any CPU.ActiveCfg = Release|Any CPU
		{21F0A23A-3F11-491C-9FFD-CBB8F0D89FD1}.Ad-Hoc|Any CPU.Build.0 = Release|Any CPU
		{21F0A23A-3F11-491C-9FFD-CBB8F0D89FD1}.Ad-Hoc|iPhone.ActiveCfg = Debug|Any CPU
		{21F0A23A-3F11-491C-9FFD-CBB8F0D89FD1}.Ad-Hoc|iPhone.Build.0 = Debug|Any CPU
		{21F0A23A-3F11-491C-9FFD-CBB8F0D89FD1}.Ad-Hoc|iPhoneSimulator.ActiveCfg = Release|Any CPU
		{21F0A23A-3F11-491C-9FFD-CBB8F0D89FD1}.Ad-Hoc|iPhoneSimulator.Build.0 = Release|Any CPU
		{21F0A23A-3F11-491C-9FFD-CBB8F0D89FD1}.AppStore|Any CPU.ActiveCfg = Release|Any CPU
		{21F0A23A-3F11-491C-9FFD-CBB8F0D89FD1}.AppStore|Any CPU.Build.0 = Release|Any CPU
		{21F0A23A-3F11-491C-9FFD-CBB8F0D89FD1}.AppStore|iPhone.ActiveCfg = Debug|Any CPU
		{21F0A23A-3F11-491C-9FFD-CBB8F0D89FD1}.AppStore|iPhone.Build.0 = Debug|Any CPU
		{21F0A23A-3F11-491C-9FFD-CBB8F0D89FD1}.AppStore|iPhoneSimulator.ActiveCfg = Release|Any CPU
		{21F0A23A-3F11-491C-9FFD-CBB8F0D89FD1}.AppStore|iPhoneSimulator.Build.0 = Release|Any CPU
		{21F0A23A-3F11-491C-9FFD-CBB8F0D89FD1}.Debug|Any CPU.ActiveCfg = Debug|Any CPU
		{21F0A23A-3F11-491C-9FFD-CBB8F0D89FD1}.Debug|Any CPU.Build.0 = Debug|Any CPU
		{21F0A23A-3F11-491C-9FFD-CBB8F0D89FD1}.Debug|iPhone.ActiveCfg = Debug|Any CPU
		{21F0A23A-3F11-491C-9FFD-CBB8F0D89FD1}.Debug|iPhone.Build.0 = Debug|Any CPU
		{21F0A23A-3F11-491C-9FFD-CBB8F0D89FD1}.Debug|iPhoneSimulator.ActiveCfg = Debug|Any CPU
		{21F0A23A-3F11-491C-9FFD-CBB8F0D89FD1}.Debug|iPhoneSimulator.Build.0 = Debug|Any CPU
		{21F0A23A-3F11-491C-9FFD-CBB8F0D89FD1}.Release|Any CPU.ActiveCfg = Release|Any CPU
		{21F0A23A-3F11-491C-9FFD-CBB8F0D89FD1}.Release|Any CPU.Build.0 = Release|Any CPU
		{21F0A23A-3F11-491C-9FFD-CBB8F0D89FD1}.Release|iPhone.ActiveCfg = Release|Any CPU
		{21F0A23A-3F11-491C-9FFD-CBB8F0D89FD1}.Release|iPhone.Build.0 = Release|Any CPU
		{21F0A23A-3F11-491C-9FFD-CBB8F0D89FD1}.Release|iPhoneSimulator.ActiveCfg = Release|Any CPU
		{21F0A23A-3F11-491C-9FFD-CBB8F0D89FD1}.Release|iPhoneSimulator.Build.0 = Release|Any CPU
		{204BF124-5F01-4D61-BAD7-601FFCD57C48}.Ad-Hoc|Any CPU.ActiveCfg = Release|Any CPU
		{204BF124-5F01-4D61-BAD7-601FFCD57C48}.Ad-Hoc|Any CPU.Build.0 = Release|Any CPU
		{204BF124-5F01-4D61-BAD7-601FFCD57C48}.Ad-Hoc|iPhone.ActiveCfg = Release|Any CPU
		{204BF124-5F01-4D61-BAD7-601FFCD57C48}.Ad-Hoc|iPhone.Build.0 = Release|Any CPU
		{204BF124-5F01-4D61-BAD7-601FFCD57C48}.Ad-Hoc|iPhoneSimulator.ActiveCfg = Release|Any CPU
		{204BF124-5F01-4D61-BAD7-601FFCD57C48}.Ad-Hoc|iPhoneSimulator.Build.0 = Release|Any CPU
		{204BF124-5F01-4D61-BAD7-601FFCD57C48}.AppStore|Any CPU.ActiveCfg = Release|Any CPU
		{204BF124-5F01-4D61-BAD7-601FFCD57C48}.AppStore|Any CPU.Build.0 = Release|Any CPU
		{204BF124-5F01-4D61-BAD7-601FFCD57C48}.AppStore|iPhone.ActiveCfg = Release|Any CPU
		{204BF124-5F01-4D61-BAD7-601FFCD57C48}.AppStore|iPhone.Build.0 = Release|Any CPU
		{204BF124-5F01-4D61-BAD7-601FFCD57C48}.AppStore|iPhoneSimulator.ActiveCfg = Release|Any CPU
		{204BF124-5F01-4D61-BAD7-601FFCD57C48}.AppStore|iPhoneSimulator.Build.0 = Release|Any CPU
		{204BF124-5F01-4D61-BAD7-601FFCD57C48}.Debug|Any CPU.ActiveCfg = Debug|Any CPU
		{204BF124-5F01-4D61-BAD7-601FFCD57C48}.Debug|Any CPU.Build.0 = Debug|Any CPU
		{204BF124-5F01-4D61-BAD7-601FFCD57C48}.Debug|iPhone.ActiveCfg = Debug|Any CPU
		{204BF124-5F01-4D61-BAD7-601FFCD57C48}.Debug|iPhone.Build.0 = Debug|Any CPU
		{204BF124-5F01-4D61-BAD7-601FFCD57C48}.Debug|iPhoneSimulator.ActiveCfg = Debug|Any CPU
		{204BF124-5F01-4D61-BAD7-601FFCD57C48}.Debug|iPhoneSimulator.Build.0 = Debug|Any CPU
		{204BF124-5F01-4D61-BAD7-601FFCD57C48}.Release|Any CPU.ActiveCfg = Release|Any CPU
		{204BF124-5F01-4D61-BAD7-601FFCD57C48}.Release|Any CPU.Build.0 = Release|Any CPU
		{204BF124-5F01-4D61-BAD7-601FFCD57C48}.Release|iPhone.ActiveCfg = Release|Any CPU
		{204BF124-5F01-4D61-BAD7-601FFCD57C48}.Release|iPhone.Build.0 = Release|Any CPU
		{204BF124-5F01-4D61-BAD7-601FFCD57C48}.Release|iPhoneSimulator.ActiveCfg = Release|Any CPU
		{204BF124-5F01-4D61-BAD7-601FFCD57C48}.Release|iPhoneSimulator.Build.0 = Release|Any CPU
	EndGlobalSection
	GlobalSection(SolutionProperties) = preSolution
		HideSolutionNode = FALSE
	EndGlobalSection
	GlobalSection(ExtensibilityGlobals) = postSolution
		SolutionGuid = {6A235357-9D91-4E1F-A83D-7131D21CE5F7}
	EndGlobalSection
EndGlobal
